{
	"name": "@nestjs-adapters/tiny-http",
	"version": "1.0.0",
	"lockfileVersion": 2,
	"requires": true,
	"packages": {
		"": {
			"name": "@nestjs-adapters/tiny-http",
			"version": "1.0.0",
			"license": "MIT",
			"devDependencies": {
				"@nestjs/common": "^8.2.4",
				"@nestjs/core": "^8.2.4",
				"@tinyhttp/app": "^2.0.15",
				"@tinyhttp/cors": "^2.0.0",
				"@types/node": "^17.0.5",
				"sirv": "^1.0.19"
			}
		},
		"node_modules/@nestjs/common": {
			"version": "8.2.4",
			"resolved": "https://registry.npmjs.org/@nestjs/common/-/common-8.2.4.tgz",
			"integrity": "sha512-zb6Y//Rd7tRsMsY2qDvX7qk/msr6sBid7V9YNvdePzGNYfMOvtwgNoqtHgbq2F6V4kCtMO7slmmM4/zptSghiQ==",
			"dev": true,
			"dependencies": {
				"axios": "0.24.0",
				"iterare": "1.2.1",
				"tslib": "2.3.1",
				"uuid": "8.3.2"
			},
			"funding": {
				"type": "opencollective",
				"url": "https://opencollective.com/nest"
			},
			"peerDependencies": {
				"cache-manager": "*",
				"class-transformer": "*",
				"class-validator": "*",
				"reflect-metadata": "^0.1.12",
				"rxjs": "^7.1.0"
			},
			"peerDependenciesMeta": {
				"cache-manager": {
					"optional": true
				},
				"class-transformer": {
					"optional": true
				},
				"class-validator": {
					"optional": true
				}
			}
		},
		"node_modules/@nestjs/core": {
			"version": "8.2.4",
			"resolved": "https://registry.npmjs.org/@nestjs/core/-/core-8.2.4.tgz",
			"integrity": "sha512-CWyS5Rj5tUxwtTGKkGei+ii6CvkGNhuo5hbKGBkCK3McfAMwpCq2pYDjSEFAqn6R2ylL4H3U5H9WU6OWJD1cVw==",
			"dev": true,
			"hasInstallScript": true,
			"dependencies": {
				"@nuxtjs/opencollective": "0.3.2",
				"fast-safe-stringify": "2.1.1",
				"iterare": "1.2.1",
				"object-hash": "2.2.0",
				"path-to-regexp": "3.2.0",
				"tslib": "2.3.1",
				"uuid": "8.3.2"
			},
			"funding": {
				"type": "opencollective",
				"url": "https://opencollective.com/nest"
			},
			"peerDependencies": {
				"@nestjs/common": "^8.0.0",
				"@nestjs/microservices": "^8.0.0",
				"@nestjs/platform-express": "^8.0.0",
				"@nestjs/websockets": "^8.0.0",
				"reflect-metadata": "^0.1.12",
				"rxjs": "^7.1.0"
			},
			"peerDependenciesMeta": {
				"@nestjs/microservices": {
					"optional": true
				},
				"@nestjs/platform-express": {
					"optional": true
				},
				"@nestjs/websockets": {
					"optional": true
				}
			}
		},
		"node_modules/@nuxtjs/opencollective": {
			"version": "0.3.2",
			"resolved": "https://registry.npmjs.org/@nuxtjs/opencollective/-/opencollective-0.3.2.tgz",
			"integrity": "sha512-um0xL3fO7Mf4fDxcqx9KryrB7zgRM5JSlvGN5AGkP6JLM5XEKyjeAiPbNxdXVXQ16isuAhYpvP88NgL2BGd6aA==",
			"dev": true,
			"dependencies": {
				"chalk": "^4.1.0",
				"consola": "^2.15.0",
				"node-fetch": "^2.6.1"
			},
			"bin": {
				"opencollective": "bin/opencollective.js"
			},
			"engines": {
				"node": ">=8.0.0",
				"npm": ">=5.0.0"
			}
		},
		"node_modules/@polka/url": {
			"version": "1.0.0-next.21",
			"resolved": "https://registry.npmjs.org/@polka/url/-/url-1.0.0-next.21.tgz",
			"integrity": "sha512-a5Sab1C4/icpTZVzZc5Ghpz88yQtGOyNqYXcZgOssB2uuAr+wF/MvN6bgtW32q7HHrvBki+BsZ0OuNv6EV3K9g==",
			"dev": true
		},
		"node_modules/@tinyhttp/accepts": {
			"version": "2.0.4",
			"resolved": "https://registry.npmjs.org/@tinyhttp/accepts/-/accepts-2.0.4.tgz",
			"integrity": "sha512-Qz+ReA+DaXCNKdzicVZhl4qUhGpLKQ8vYNMU+pm3PtSBwY32wXw+k0nh6+XBhrKnZ4/o8QeMCV5x7XTtJfW//Q==",
			"dev": true,
			"dependencies": {
				"es-mime-types": "^0.1.4",
				"negotiator": "^0.6.2"
			},
			"engines": {
				"node": ">=12.4.0"
			},
			"funding": {
				"type": "individual",
				"url": "https://github.com/tinyhttp/tinyhttp?sponsor=1"
			}
		},
		"node_modules/@tinyhttp/app": {
			"version": "2.0.15",
			"resolved": "https://registry.npmjs.org/@tinyhttp/app/-/app-2.0.15.tgz",
			"integrity": "sha512-MGLXIuo2vbk9JZFQ881W76IR+rxc2qAMU3QXl7O3FFDUmkT19eTSpDGBD3CNYSWnbUQhbKvmnR1I/4FtlfOARA==",
			"dev": true,
			"dependencies": {
				"@tinyhttp/cookie": "2.0.3",
				"@tinyhttp/proxy-addr": "2.0.2",
				"@tinyhttp/req": "2.0.10",
				"@tinyhttp/res": "2.0.11",
				"@tinyhttp/router": "2.0.4",
				"header-range-parser": "1.1.1",
				"regexparam": "^2.0.0"
			},
			"engines": {
				"node": ">=12.x"
			},
			"funding": {
				"type": "individual",
				"url": "https://github.com/tinyhttp/tinyhttp?sponsor=1"
			}
		},
		"node_modules/@tinyhttp/content-disposition": {
			"version": "2.0.4",
			"resolved": "https://registry.npmjs.org/@tinyhttp/content-disposition/-/content-disposition-2.0.4.tgz",
			"integrity": "sha512-SGU8nVfDbiJa5eCA7BWUEMjSaf/b6nLQHEzuzmKhA3BIGHuBWXSIcr1dGeLopmohQoZkIQfk5psM5TOgVgrraA==",
			"dev": true,
			"engines": {
				"node": ">=12.4.0"
			},
			"funding": {
				"type": "individual",
				"url": "https://github.com/tinyhttp/tinyhttp?sponsor=1"
			}
		},
		"node_modules/@tinyhttp/cookie": {
			"version": "2.0.3",
			"resolved": "https://registry.npmjs.org/@tinyhttp/cookie/-/cookie-2.0.3.tgz",
			"integrity": "sha512-ZHvDHyNc0VwKLgFqwCNbrMObJqJHKQNnMARdPlK2+VvKVB3h/ZT5kYAXYFxxWFJFNqXaXz0E7i2kX32bMeMGUw==",
			"dev": true,
			"engines": {
				"node": ">=12.4.0"
			},
			"funding": {
				"type": "individual",
				"url": "https://github.com/tinyhttp/tinyhttp?sponsor=1"
			}
		},
		"node_modules/@tinyhttp/cookie-signature": {
			"version": "2.0.2",
			"resolved": "https://registry.npmjs.org/@tinyhttp/cookie-signature/-/cookie-signature-2.0.2.tgz",
			"integrity": "sha512-lyIdDzLILp6T2fymJn9zKBgXwlZMIUiqMUIEd4x/ZGFNvnNs/zeYDBQFdAygBtv4Bgl5Zpf6tN+e6fkj6TlMYQ==",
			"dev": true,
			"engines": {
				"node": ">=12.4.0"
			}
		},
		"node_modules/@tinyhttp/cors": {
			"version": "2.0.0",
			"resolved": "https://registry.npmjs.org/@tinyhttp/cors/-/cors-2.0.0.tgz",
			"integrity": "sha512-IwQsPBnK+gRrhTsPA4FPOfbNzZZt8cVsOIMNFb6HzoScaiWcoLEogL0Bz/aBSm8KM13uieVXoVT6udMqhqUS2A==",
			"dev": true,
			"dependencies": {
				"es-vary": "^0.1.1"
			},
			"engines": {
				"node": ">=12.4 || 14.x || >=16"
			}
		},
		"node_modules/@tinyhttp/encode-url": {
			"version": "2.0.3",
			"resolved": "https://registry.npmjs.org/@tinyhttp/encode-url/-/encode-url-2.0.3.tgz",
			"integrity": "sha512-bAKjBLhYTZZgLphZ9B09Q8bQ39RejEiB1+3Rjjmkb/Q2cIKOWvRNTgkeQ3D6ITefxW9KMPE9eab51PPYhFbvbg==",
			"dev": true,
			"engines": {
				"node": ">=12.4.0"
			}
		},
		"node_modules/@tinyhttp/etag": {
			"version": "2.0.2",
			"resolved": "https://registry.npmjs.org/@tinyhttp/etag/-/etag-2.0.2.tgz",
			"integrity": "sha512-utxkv5skxWJESUAKZk7F11DcgBiE4vBXiPfnWZcGNZDa6T372V2ESUD2Y7fV85bsC1/4ZrnnmS7lg9Nd401oLw==",
			"dev": true,
			"engines": {
				"node": ">=12.4.0"
			}
		},
		"node_modules/@tinyhttp/forwarded": {
			"version": "2.0.2",
			"resolved": "https://registry.npmjs.org/@tinyhttp/forwarded/-/forwarded-2.0.2.tgz",
			"integrity": "sha512-q+l7xMyN7buYjUfWbepLM36lI7FZmv+sm0arqzFGrTVWfEbKLiHTv+5c7H3O8/aYcxuyR4cBUrmwT6jw4dZhFw==",
			"dev": true,
			"engines": {
				"node": ">=12.4.0"
			}
		},
		"node_modules/@tinyhttp/proxy-addr": {
			"version": "2.0.2",
			"resolved": "https://registry.npmjs.org/@tinyhttp/proxy-addr/-/proxy-addr-2.0.2.tgz",
			"integrity": "sha512-wuXpzG9XsUQ2/YvCL5BSvp1JXc5HIuXlVJhMqdC0wv8iKF3hHv62H5XVd/wvzo/OWgiqt4hjxA4wITzND5Ed+g==",
			"dev": true,
			"dependencies": {
				"@tinyhttp/forwarded": "2.0.2",
				"ipaddr.js": "^2.0.1"
			},
			"engines": {
				"node": ">=12.4.0"
			}
		},
		"node_modules/@tinyhttp/req": {
			"version": "2.0.10",
			"resolved": "https://registry.npmjs.org/@tinyhttp/req/-/req-2.0.10.tgz",
			"integrity": "sha512-Zsbtu6k+BowRiTbCVwePLWKPwK7k1KQfMRs08TwURIIiheRaXDw+PxuhLT0zBt9WVjGOstCxYRBRMUxZtqyyjw==",
			"dev": true,
			"dependencies": {
				"@tinyhttp/accepts": "2.0.4",
				"@tinyhttp/type-is": "2.0.3",
				"@tinyhttp/url": "2.0.5",
				"es-fresh": "^0.0.10",
				"header-range-parser": "^1.1.1"
			},
			"engines": {
				"node": ">=12.4.0"
			}
		},
		"node_modules/@tinyhttp/res": {
			"version": "2.0.11",
			"resolved": "https://registry.npmjs.org/@tinyhttp/res/-/res-2.0.11.tgz",
			"integrity": "sha512-NSrU3KfY2+OGFeIfQOtirnyC8v6d+cbzRg7+s1Nz6b4XATaUwsEy2MR43zXleZ6P275ZuoIpZs3FCJhndxkFxA==",
			"dev": true,
			"dependencies": {
				"@tinyhttp/content-disposition": "2.0.4",
				"@tinyhttp/cookie": "2.0.3",
				"@tinyhttp/cookie-signature": "2.0.2",
				"@tinyhttp/encode-url": "2.0.3",
				"@tinyhttp/req": "2.0.10",
				"@tinyhttp/send": "2.0.3",
				"es-escape-html": "^0.1.1",
				"es-mime-types": "^0.1.4",
				"es-vary": "^0.1.1"
			},
			"engines": {
				"node": ">=12.4.0"
			}
		},
		"node_modules/@tinyhttp/router": {
			"version": "2.0.4",
			"resolved": "https://registry.npmjs.org/@tinyhttp/router/-/router-2.0.4.tgz",
			"integrity": "sha512-mO8jWrB951UTkX8akzhHa5UMjQKleNhbQDnd4EZSA7VOXE9n28tqHmYgg1G/czDL6gwRl6Bppj5crJIbvMDGwg==",
			"dev": true,
			"engines": {
				"node": ">=12.4.0"
			}
		},
		"node_modules/@tinyhttp/send": {
			"version": "2.0.3",
			"resolved": "https://registry.npmjs.org/@tinyhttp/send/-/send-2.0.3.tgz",
			"integrity": "sha512-oU4Q6NJzXJeOVCdYbgtOFlq5viEpKUFkZVpbF5AqFD64yzPp2vX9MuiSVvrIzL9Ls2qR+OzWsrwuXIkKzjW+xg==",
			"dev": true,
			"dependencies": {
				"@tinyhttp/etag": "2.0.2",
				"es-content-type": "^0.1.0",
				"es-mime-types": "^0.1.4"
			},
			"engines": {
				"node": ">=12.4.0"
			}
		},
		"node_modules/@tinyhttp/type-is": {
			"version": "2.0.3",
			"resolved": "https://registry.npmjs.org/@tinyhttp/type-is/-/type-is-2.0.3.tgz",
			"integrity": "sha512-vmOvbI7dSue4oV5JRbEpgJGgsfQE/Gd6eqEIhdeRO0jcVUzJaYx2/XvBGbBG9Mo8MGFjiEiq7qBzeOFctCmXBw==",
			"dev": true,
			"dependencies": {
				"es-content-type": "^0.1.0",
				"es-mime-types": "^0.1.4"
			},
			"engines": {
				"node": ">=12.4.0"
			}
		},
		"node_modules/@tinyhttp/url": {
			"version": "2.0.5",
			"resolved": "https://registry.npmjs.org/@tinyhttp/url/-/url-2.0.5.tgz",
			"integrity": "sha512-NXQAaUa7p5pgd1oUF5VuzLyqVVoMqNvraUI8QkSL0TlRSfgOVLg5PQ2xbk0TYU03SGwHm8w1ZBl9lymeJCLphg==",
			"dev": true,
			"engines": {
				"node": ">=12.4.0"
			}
		},
		"node_modules/@types/node": {
			"version": "17.0.5",
			"resolved": "https://registry.npmjs.org/@types/node/-/node-17.0.5.tgz",
			"integrity": "sha512-w3mrvNXLeDYV1GKTZorGJQivK6XLCoGwpnyJFbJVK/aTBQUxOCaa/GlFAAN3OTDFcb7h5tiFG+YXCO2By+riZw==",
			"dev": true
		},
		"node_modules/ansi-styles": {
			"version": "4.3.0",
			"resolved": "https://registry.npmjs.org/ansi-styles/-/ansi-styles-4.3.0.tgz",
			"integrity": "sha512-zbB9rCJAT1rbjiVDb2hqKFHNYLxgtk8NURxZ3IZwD3F6NtxbXZQCnnSi1Lkx+IDohdPlFp222wVALIheZJQSEg==",
			"dev": true,
			"dependencies": {
				"color-convert": "^2.0.1"
			},
			"engines": {
				"node": ">=8"
			},
			"funding": {
				"url": "https://github.com/chalk/ansi-styles?sponsor=1"
			}
		},
		"node_modules/axios": {
			"version": "0.24.0",
			"resolved": "https://registry.npmjs.org/axios/-/axios-0.24.0.tgz",
			"integrity": "sha512-Q6cWsys88HoPgAaFAVUb0WpPk0O8iTeisR9IMqy9G8AbO4NlpVknrnQS03zzF9PGAWgO3cgletO3VjV/P7VztA==",
			"dev": true,
			"dependencies": {
				"follow-redirects": "^1.14.4"
			}
		},
		"node_modules/chalk": {
			"version": "4.1.2",
			"resolved": "https://registry.npmjs.org/chalk/-/chalk-4.1.2.tgz",
			"integrity": "sha512-oKnbhFyRIXpUuez8iBMmyEa4nbj4IOQyuhc/wy9kY7/WVPcwIO9VA668Pu8RkO7+0G76SLROeyw9CpQ061i4mA==",
			"dev": true,
			"dependencies": {
				"ansi-styles": "^4.1.0",
				"supports-color": "^7.1.0"
			},
			"engines": {
				"node": ">=10"
			},
			"funding": {
				"url": "https://github.com/chalk/chalk?sponsor=1"
			}
		},
		"node_modules/color-convert": {
			"version": "2.0.1",
			"resolved": "https://registry.npmjs.org/color-convert/-/color-convert-2.0.1.tgz",
			"integrity": "sha512-RRECPsj7iu/xb5oKYcsFHSppFNnsj/52OVTRKb4zP5onXwVF3zVmmToNcOfGC+CRDpfK/U584fMg38ZHCaElKQ==",
			"dev": true,
			"dependencies": {
				"color-name": "~1.1.4"
			},
			"engines": {
				"node": ">=7.0.0"
			}
		},
		"node_modules/color-name": {
			"version": "1.1.4",
			"resolved": "https://registry.npmjs.org/color-name/-/color-name-1.1.4.tgz",
			"integrity": "sha512-dOy+3AuW3a2wNbZHIuMZpTcgjGuLU/uBL/ubcZF9OXbDo8ff4O8yVp5Bf0efS8uEoYo5q4Fx7dY9OgQGXgAsQA==",
			"dev": true
		},
		"node_modules/consola": {
			"version": "2.15.3",
			"resolved": "https://registry.npmjs.org/consola/-/consola-2.15.3.tgz",
			"integrity": "sha512-9vAdYbHj6x2fLKC4+oPH0kFzY/orMZyG2Aj+kNylHxKGJ/Ed4dpNyAQYwJOdqO4zdM7XpVHmyejQDcQHrnuXbw==",
			"dev": true
		},
		"node_modules/es-content-type": {
			"version": "0.1.0",
			"resolved": "https://registry.npmjs.org/es-content-type/-/es-content-type-0.1.0.tgz",
			"integrity": "sha512-DqWU9pSzhNlO10q+NQ/KebImLkKbwbcy0pSv3hNQfEpKFHsrqDJz2vajpZdq7nkiG9DoJcTh22oHGymp7XJd9g==",
			"dev": true,
			"engines": {
				"node": ">=12.x"
			}
		},
		"node_modules/es-escape-html": {
			"version": "0.1.1",
			"resolved": "https://registry.npmjs.org/es-escape-html/-/es-escape-html-0.1.1.tgz",
			"integrity": "sha512-yUx1o+8RsG7UlszmYPtks+dm6Lho2m8lgHMOsLJQsFI0R8XwUJwiMhM1M4E/S8QLeGyf6MkDV/pWgjQ0tdTSyQ==",
			"dev": true,
			"engines": {
				"node": ">=12.x"
			}
		},
		"node_modules/es-fresh": {
			"version": "0.0.10",
			"resolved": "https://registry.npmjs.org/es-fresh/-/es-fresh-0.0.10.tgz",
			"integrity": "sha512-/e5etUqtxj7JktALldpsDNC84DOHavN9PqojnTTGeX1M2/Q4/SF8d55d7AsB3n66WYS43hdBbn0sAllto5kSIg==",
			"dev": true,
			"engines": {
				"node": ">=12.x"
			}
		},
		"node_modules/es-mime-types": {
			"version": "0.1.4",
			"resolved": "https://registry.npmjs.org/es-mime-types/-/es-mime-types-0.1.4.tgz",
			"integrity": "sha512-rUrmfrUIHU/4ykYB+YH80LDiSpmn6sE/A9E8EsFZP4LCtf/PH+ju6d6goFJ8fsGf81pRtQn1cJSmp8JGA9YkfQ==",
			"dev": true,
			"dependencies": {
				"mime-db": "^1.50.0"
			},
			"engines": {
				"node": ">=12.x"
			}
		},
		"node_modules/es-vary": {
			"version": "0.1.1",
			"resolved": "https://registry.npmjs.org/es-vary/-/es-vary-0.1.1.tgz",
			"integrity": "sha512-4UOWrTu8lz5otSyWxcS0LbYz8WyYOEiWHGkBIu0VfhTsY+vtc7+fOSDHsxtEUBeu7mDnTwqsKg5NEXeq5Da1Hg==",
			"dev": true,
			"engines": {
				"node": ">=12.x"
			}
		},
		"node_modules/fast-safe-stringify": {
			"version": "2.1.1",
			"resolved": "https://registry.npmjs.org/fast-safe-stringify/-/fast-safe-stringify-2.1.1.tgz",
			"integrity": "sha512-W+KJc2dmILlPplD/H4K9l9LcAHAfPtP6BY84uVLXQ6Evcz9Lcg33Y2z1IVblT6xdY54PXYVHEv+0Wpq8Io6zkA==",
			"dev": true
		},
		"node_modules/follow-redirects": {
			"version": "1.14.6",
			"resolved": "https://registry.npmjs.org/follow-redirects/-/follow-redirects-1.14.6.tgz",
			"integrity": "sha512-fhUl5EwSJbbl8AR+uYL2KQDxLkdSjZGR36xy46AO7cOMTrCMON6Sa28FmAnC2tRTDbd/Uuzz3aJBv7EBN7JH8A==",
			"dev": true,
			"funding": [
				{
					"type": "individual",
					"url": "https://github.com/sponsors/RubenVerborgh"
				}
			],
			"engines": {
				"node": ">=4.0"
			},
			"peerDependenciesMeta": {
				"debug": {
					"optional": true
				}
			}
		},
		"node_modules/has-flag": {
			"version": "4.0.0",
			"resolved": "https://registry.npmjs.org/has-flag/-/has-flag-4.0.0.tgz",
			"integrity": "sha512-EykJT/Q1KjTWctppgIAgfSO0tKVuZUjhgMr17kqTumMl6Afv3EISleU7qZUzoXDFTAHTDC4NOoG/ZxU3EvlMPQ==",
			"dev": true,
			"engines": {
				"node": ">=8"
			}
		},
		"node_modules/header-range-parser": {
			"version": "1.1.1",
			"resolved": "https://registry.npmjs.org/header-range-parser/-/header-range-parser-1.1.1.tgz",
			"integrity": "sha512-aVuAHdlgxPCMkOtKTdUoH72eAHEAqmZqA+oQxvDv1DkYS50KgCt218AYd89/+Pd7+TFQimzn/9LNVfUPEBbRDQ==",
			"dev": true,
			"engines": {
				"node": ">=12.22.0"
			}
		},
		"node_modules/ipaddr.js": {
			"version": "2.0.1",
			"resolved": "https://registry.npmjs.org/ipaddr.js/-/ipaddr.js-2.0.1.tgz",
			"integrity": "sha512-1qTgH9NG+IIJ4yfKs2e6Pp1bZg8wbDbKHT21HrLIeYBTRLgMYKnMTPAuI3Lcs61nfx5h1xlXnbJtH1kX5/d/ng==",
			"dev": true,
			"engines": {
				"node": ">= 10"
			}
		},
		"node_modules/iterare": {
			"version": "1.2.1",
			"resolved": "https://registry.npmjs.org/iterare/-/iterare-1.2.1.tgz",
			"integrity": "sha512-RKYVTCjAnRthyJes037NX/IiqeidgN1xc3j1RjFfECFp28A1GVwK9nA+i0rJPaHqSZwygLzRnFlzUuHFoWWy+Q==",
			"dev": true,
			"engines": {
				"node": ">=6"
			}
		},
		"node_modules/mime-db": {
			"version": "1.51.0",
			"resolved": "https://registry.npmjs.org/mime-db/-/mime-db-1.51.0.tgz",
			"integrity": "sha512-5y8A56jg7XVQx2mbv1lu49NR4dokRnhZYTtL+KGfaa27uq4pSTXkwQkFJl4pkRMyNFz/EtYDSkiiEHx3F7UN6g==",
			"dev": true,
			"engines": {
				"node": ">= 0.6"
			}
		},
		"node_modules/mrmime": {
			"version": "1.0.0",
			"resolved": "https://registry.npmjs.org/mrmime/-/mrmime-1.0.0.tgz",
			"integrity": "sha512-a70zx7zFfVO7XpnQ2IX1Myh9yY4UYvfld/dikWRnsXxbyvMcfz+u6UfgNAtH+k2QqtJuzVpv6eLTx1G2+WKZbQ==",
			"dev": true,
			"engines": {
				"node": ">=10"
			}
		},
		"node_modules/negotiator": {
			"version": "0.6.2",
			"resolved": "https://registry.npmjs.org/negotiator/-/negotiator-0.6.2.tgz",
			"integrity": "sha512-hZXc7K2e+PgeI1eDBe/10Ard4ekbfrrqG8Ep+8Jmf4JID2bNg7NvCPOZN+kfF574pFQI7mum2AUqDidoKqcTOw==",
			"dev": true,
			"engines": {
				"node": ">= 0.6"
			}
		},
		"node_modules/node-fetch": {
			"version": "2.6.6",
			"resolved": "https://registry.npmjs.org/node-fetch/-/node-fetch-2.6.6.tgz",
			"integrity": "sha512-Z8/6vRlTUChSdIgMa51jxQ4lrw/Jy5SOW10ObaA47/RElsAN2c5Pn8bTgFGWn/ibwzXTE8qwr1Yzx28vsecXEA==",
			"dev": true,
			"dependencies": {
				"whatwg-url": "^5.0.0"
			},
			"engines": {
				"node": "4.x || >=6.0.0"
			}
		},
		"node_modules/object-hash": {
			"version": "2.2.0",
			"resolved": "https://registry.npmjs.org/object-hash/-/object-hash-2.2.0.tgz",
			"integrity": "sha512-gScRMn0bS5fH+IuwyIFgnh9zBdo4DV+6GhygmWM9HyNJSgS0hScp1f5vjtm7oIIOiT9trXrShAkLFSc2IqKNgw==",
			"dev": true,
			"engines": {
				"node": ">= 6"
			}
		},
		"node_modules/path-to-regexp": {
			"version": "3.2.0",
			"resolved": "https://registry.npmjs.org/path-to-regexp/-/path-to-regexp-3.2.0.tgz",
			"integrity": "sha512-jczvQbCUS7XmS7o+y1aEO9OBVFeZBQ1MDSEqmO7xSoPgOPoowY/SxLpZ6Vh97/8qHZOteiCKb7gkG9gA2ZUxJA==",
			"dev": true
		},
		"node_modules/regexparam": {
			"version": "2.0.0",
			"resolved": "https://registry.npmjs.org/regexparam/-/regexparam-2.0.0.tgz",
			"integrity": "sha512-gJKwd2MVPWHAIFLsaYDZfyKzHNS4o7E/v8YmNf44vmeV2e4YfVoDToTOKTvE7ab68cRJ++kLuEXJBaEeJVt5ow==",
			"dev": true,
			"engines": {
				"node": ">=8"
			}
		},
		"node_modules/sirv": {
			"version": "1.0.19",
			"resolved": "https://registry.npmjs.org/sirv/-/sirv-1.0.19.tgz",
			"integrity": "sha512-JuLThK3TnZG1TAKDwNIqNq6QA2afLOCcm+iE8D1Kj3GA40pSPsxQjjJl0J8X3tsR7T+CP1GavpzLwYkgVLWrZQ==",
			"dev": true,
			"dependencies": {
				"@polka/url": "^1.0.0-next.20",
				"mrmime": "^1.0.0",
				"totalist": "^1.0.0"
			},
			"engines": {
				"node": ">= 10"
			}
		},
		"node_modules/supports-color": {
			"version": "7.2.0",
			"resolved": "https://registry.npmjs.org/supports-color/-/supports-color-7.2.0.tgz",
			"integrity": "sha512-qpCAvRl9stuOHveKsn7HncJRvv501qIacKzQlO/+Lwxc9+0q2wLyv4Dfvt80/DPn2pqOBsJdDiogXGR9+OvwRw==",
			"dev": true,
			"dependencies": {
				"has-flag": "^4.0.0"
			},
			"engines": {
				"node": ">=8"
			}
		},
		"node_modules/totalist": {
			"version": "1.1.0",
			"resolved": "https://registry.npmjs.org/totalist/-/totalist-1.1.0.tgz",
			"integrity": "sha512-gduQwd1rOdDMGxFG1gEvhV88Oirdo2p+KjoYFU7k2g+i7n6AFFbDQ5kMPUsW0pNbfQsB/cwXvT1i4Bue0s9g5g==",
			"dev": true,
			"engines": {
				"node": ">=6"
			}
		},
		"node_modules/tr46": {
			"version": "0.0.3",
			"resolved": "https://registry.npmjs.org/tr46/-/tr46-0.0.3.tgz",
			"integrity": "sha1-gYT9NH2snNwYWZLzpmIuFLnZq2o=",
			"dev": true
		},
		"node_modules/tslib": {
			"version": "2.3.1",
			"resolved": "https://registry.npmjs.org/tslib/-/tslib-2.3.1.tgz",
			"integrity": "sha512-77EbyPPpMz+FRFRuAFlWMtmgUWGe9UOG2Z25NqCwiIjRhOf5iKGuzSe5P2w1laq+FkRy4p+PCuVkJSGkzTEKVw==",
			"dev": true
		},
		"node_modules/uuid": {
			"version": "8.3.2",
			"resolved": "https://registry.npmjs.org/uuid/-/uuid-8.3.2.tgz",
			"integrity": "sha512-+NYs2QeMWy+GWFOEm9xnn6HCDp0l7QBD7ml8zLUmJ+93Q5NF0NocErnwkTkXVFNiX3/fpC6afS8Dhb/gz7R7eg==",
			"dev": true,
			"bin": {
				"uuid": "dist/bin/uuid"
			}
		},
		"node_modules/webidl-conversions": {
			"version": "3.0.1",
			"resolved": "https://registry.npmjs.org/webidl-conversions/-/webidl-conversions-3.0.1.tgz",
			"integrity": "sha1-JFNCdeKnvGvnvIZhHMFq4KVlSHE=",
			"dev": true
		},
		"node_modules/whatwg-url": {
			"version": "5.0.0",
			"resolved": "https://registry.npmjs.org/whatwg-url/-/whatwg-url-5.0.0.tgz",
			"integrity": "sha1-lmRU6HZUYuN2RNNib2dCzotwll0=",
			"dev": true,
			"dependencies": {
				"tr46": "~0.0.3",
				"webidl-conversions": "^3.0.0"
			}
		}
	},
	"dependencies": {
		"@nestjs/common": {
			"version": "8.2.4",
			"resolved": "https://registry.npmjs.org/@nestjs/common/-/common-8.2.4.tgz",
			"integrity": "sha512-zb6Y//Rd7tRsMsY2qDvX7qk/msr6sBid7V9YNvdePzGNYfMOvtwgNoqtHgbq2F6V4kCtMO7slmmM4/zptSghiQ==",
			"dev": true,
			"requires": {
				"axios": "0.24.0",
				"iterare": "1.2.1",
				"tslib": "2.3.1",
				"uuid": "8.3.2"
			}
		},
		"@nestjs/core": {
			"version": "8.2.4",
			"resolved": "https://registry.npmjs.org/@nestjs/core/-/core-8.2.4.tgz",
			"integrity": "sha512-CWyS5Rj5tUxwtTGKkGei+ii6CvkGNhuo5hbKGBkCK3McfAMwpCq2pYDjSEFAqn6R2ylL4H3U5H9WU6OWJD1cVw==",
			"dev": true,
			"requires": {
				"@nuxtjs/opencollective": "0.3.2",
				"fast-safe-stringify": "2.1.1",
				"iterare": "1.2.1",
				"object-hash": "2.2.0",
				"path-to-regexp": "3.2.0",
				"tslib": "2.3.1",
				"uuid": "8.3.2"
			}
		},
		"@nuxtjs/opencollective": {
			"version": "0.3.2",
			"resolved": "https://registry.npmjs.org/@nuxtjs/opencollective/-/opencollective-0.3.2.tgz",
			"integrity": "sha512-um0xL3fO7Mf4fDxcqx9KryrB7zgRM5JSlvGN5AGkP6JLM5XEKyjeAiPbNxdXVXQ16isuAhYpvP88NgL2BGd6aA==",
			"dev": true,
			"requires": {
				"chalk": "^4.1.0",
				"consola": "^2.15.0",
				"node-fetch": "^2.6.1"
			}
		},
		"@polka/url": {
			"version": "1.0.0-next.21",
			"resolved": "https://registry.npmjs.org/@polka/url/-/url-1.0.0-next.21.tgz",
			"integrity": "sha512-a5Sab1C4/icpTZVzZc5Ghpz88yQtGOyNqYXcZgOssB2uuAr+wF/MvN6bgtW32q7HHrvBki+BsZ0OuNv6EV3K9g==",
			"dev": true
		},
		"@tinyhttp/accepts": {
			"version": "2.0.4",
			"resolved": "https://registry.npmjs.org/@tinyhttp/accepts/-/accepts-2.0.4.tgz",
			"integrity": "sha512-Qz+ReA+DaXCNKdzicVZhl4qUhGpLKQ8vYNMU+pm3PtSBwY32wXw+k0nh6+XBhrKnZ4/o8QeMCV5x7XTtJfW//Q==",
			"dev": true,
			"requires": {
				"es-mime-types": "^0.1.4",
				"negotiator": "^0.6.2"
			}
		},
		"@tinyhttp/app": {
			"version": "2.0.15",
			"resolved": "https://registry.npmjs.org/@tinyhttp/app/-/app-2.0.15.tgz",
			"integrity": "sha512-MGLXIuo2vbk9JZFQ881W76IR+rxc2qAMU3QXl7O3FFDUmkT19eTSpDGBD3CNYSWnbUQhbKvmnR1I/4FtlfOARA==",
			"dev": true,
			"requires": {
				"@tinyhttp/cookie": "2.0.3",
				"@tinyhttp/proxy-addr": "2.0.2",
				"@tinyhttp/req": "2.0.10",
				"@tinyhttp/res": "2.0.11",
				"@tinyhttp/router": "2.0.4",
				"header-range-parser": "1.1.1",
				"regexparam": "^2.0.0"
			}
		},
		"@tinyhttp/content-disposition": {
			"version": "2.0.4",
			"resolved": "https://registry.npmjs.org/@tinyhttp/content-disposition/-/content-disposition-2.0.4.tgz",
			"integrity": "sha512-SGU8nVfDbiJa5eCA7BWUEMjSaf/b6nLQHEzuzmKhA3BIGHuBWXSIcr1dGeLopmohQoZkIQfk5psM5TOgVgrraA==",
			"dev": true
		},
		"@tinyhttp/cookie": {
			"version": "2.0.3",
			"resolved": "https://registry.npmjs.org/@tinyhttp/cookie/-/cookie-2.0.3.tgz",
			"integrity": "sha512-ZHvDHyNc0VwKLgFqwCNbrMObJqJHKQNnMARdPlK2+VvKVB3h/ZT5kYAXYFxxWFJFNqXaXz0E7i2kX32bMeMGUw==",
			"dev": true
		},
		"@tinyhttp/cookie-signature": {
			"version": "2.0.2",
			"resolved": "https://registry.npmjs.org/@tinyhttp/cookie-signature/-/cookie-signature-2.0.2.tgz",
			"integrity": "sha512-lyIdDzLILp6T2fymJn9zKBgXwlZMIUiqMUIEd4x/ZGFNvnNs/zeYDBQFdAygBtv4Bgl5Zpf6tN+e6fkj6TlMYQ==",
			"dev": true
		},
		"@tinyhttp/cors": {
			"version": "2.0.0",
			"resolved": "https://registry.npmjs.org/@tinyhttp/cors/-/cors-2.0.0.tgz",
			"integrity": "sha512-IwQsPBnK+gRrhTsPA4FPOfbNzZZt8cVsOIMNFb6HzoScaiWcoLEogL0Bz/aBSm8KM13uieVXoVT6udMqhqUS2A==",
			"dev": true,
			"requires": {
				"es-vary": "^0.1.1"
			}
		},
		"@tinyhttp/encode-url": {
			"version": "2.0.3",
			"resolved": "https://registry.npmjs.org/@tinyhttp/encode-url/-/encode-url-2.0.3.tgz",
			"integrity": "sha512-bAKjBLhYTZZgLphZ9B09Q8bQ39RejEiB1+3Rjjmkb/Q2cIKOWvRNTgkeQ3D6ITefxW9KMPE9eab51PPYhFbvbg==",
			"dev": true
		},
		"@tinyhttp/etag": {
			"version": "2.0.2",
			"resolved": "https://registry.npmjs.org/@tinyhttp/etag/-/etag-2.0.2.tgz",
			"integrity": "sha512-utxkv5skxWJESUAKZk7F11DcgBiE4vBXiPfnWZcGNZDa6T372V2ESUD2Y7fV85bsC1/4ZrnnmS7lg9Nd401oLw==",
			"dev": true
		},
		"@tinyhttp/forwarded": {
			"version": "2.0.2",
			"resolved": "https://registry.npmjs.org/@tinyhttp/forwarded/-/forwarded-2.0.2.tgz",
			"integrity": "sha512-q+l7xMyN7buYjUfWbepLM36lI7FZmv+sm0arqzFGrTVWfEbKLiHTv+5c7H3O8/aYcxuyR4cBUrmwT6jw4dZhFw==",
			"dev": true
		},
		"@tinyhttp/proxy-addr": {
			"version": "2.0.2",
			"resolved": "https://registry.npmjs.org/@tinyhttp/proxy-addr/-/proxy-addr-2.0.2.tgz",
			"integrity": "sha512-wuXpzG9XsUQ2/YvCL5BSvp1JXc5HIuXlVJhMqdC0wv8iKF3hHv62H5XVd/wvzo/OWgiqt4hjxA4wITzND5Ed+g==",
			"dev": true,
			"requires": {
				"@tinyhttp/forwarded": "2.0.2",
				"ipaddr.js": "^2.0.1"
			}
		},
		"@tinyhttp/req": {
			"version": "2.0.10",
			"resolved": "https://registry.npmjs.org/@tinyhttp/req/-/req-2.0.10.tgz",
			"integrity": "sha512-Zsbtu6k+BowRiTbCVwePLWKPwK7k1KQfMRs08TwURIIiheRaXDw+PxuhLT0zBt9WVjGOstCxYRBRMUxZtqyyjw==",
			"dev": true,
			"requires": {
				"@tinyhttp/accepts": "2.0.4",
				"@tinyhttp/type-is": "2.0.3",
				"@tinyhttp/url": "2.0.5",
				"es-fresh": "^0.0.10",
				"header-range-parser": "^1.1.1"
			}
		},
		"@tinyhttp/res": {
			"version": "2.0.11",
			"resolved": "https://registry.npmjs.org/@tinyhttp/res/-/res-2.0.11.tgz",
			"integrity": "sha512-NSrU3KfY2+OGFeIfQOtirnyC8v6d+cbzRg7+s1Nz6b4XATaUwsEy2MR43zXleZ6P275ZuoIpZs3FCJhndxkFxA==",
			"dev": true,
			"requires": {
				"@tinyhttp/content-disposition": "2.0.4",
				"@tinyhttp/cookie": "2.0.3",
				"@tinyhttp/cookie-signature": "2.0.2",
				"@tinyhttp/encode-url": "2.0.3",
				"@tinyhttp/req": "2.0.10",
				"@tinyhttp/send": "2.0.3",
				"es-escape-html": "^0.1.1",
				"es-mime-types": "^0.1.4",
				"es-vary": "^0.1.1"
			}
		},
		"@tinyhttp/router": {
			"version": "2.0.4",
			"resolved": "https://registry.npmjs.org/@tinyhttp/router/-/router-2.0.4.tgz",
			"integrity": "sha512-mO8jWrB951UTkX8akzhHa5UMjQKleNhbQDnd4EZSA7VOXE9n28tqHmYgg1G/czDL6gwRl6Bppj5crJIbvMDGwg==",
			"dev": true
		},
		"@tinyhttp/send": {
			"version": "2.0.3",
			"resolved": "https://registry.npmjs.org/@tinyhttp/send/-/send-2.0.3.tgz",
			"integrity": "sha512-oU4Q6NJzXJeOVCdYbgtOFlq5viEpKUFkZVpbF5AqFD64yzPp2vX9MuiSVvrIzL9Ls2qR+OzWsrwuXIkKzjW+xg==",
			"dev": true,
			"requires": {
				"@tinyhttp/etag": "2.0.2",
				"es-content-type": "^0.1.0",
				"es-mime-types": "^0.1.4"
			}
		},
		"@tinyhttp/type-is": {
			"version": "2.0.3",
			"resolved": "https://registry.npmjs.org/@tinyhttp/type-is/-/type-is-2.0.3.tgz",
			"integrity": "sha512-vmOvbI7dSue4oV5JRbEpgJGgsfQE/Gd6eqEIhdeRO0jcVUzJaYx2/XvBGbBG9Mo8MGFjiEiq7qBzeOFctCmXBw==",
			"dev": true,
			"requires": {
				"es-content-type": "^0.1.0",
				"es-mime-types": "^0.1.4"
			}
		},
		"@tinyhttp/url": {
			"version": "2.0.5",
			"resolved": "https://registry.npmjs.org/@tinyhttp/url/-/url-2.0.5.tgz",
			"integrity": "sha512-NXQAaUa7p5pgd1oUF5VuzLyqVVoMqNvraUI8QkSL0TlRSfgOVLg5PQ2xbk0TYU03SGwHm8w1ZBl9lymeJCLphg==",
			"dev": true
		},
		"@types/node": {
			"version": "17.0.5",
			"resolved": "https://registry.npmjs.org/@types/node/-/node-17.0.5.tgz",
			"integrity": "sha512-w3mrvNXLeDYV1GKTZorGJQivK6XLCoGwpnyJFbJVK/aTBQUxOCaa/GlFAAN3OTDFcb7h5tiFG+YXCO2By+riZw==",
			"dev": true
		},
		"ansi-styles": {
			"version": "4.3.0",
			"resolved": "https://registry.npmjs.org/ansi-styles/-/ansi-styles-4.3.0.tgz",
			"integrity": "sha512-zbB9rCJAT1rbjiVDb2hqKFHNYLxgtk8NURxZ3IZwD3F6NtxbXZQCnnSi1Lkx+IDohdPlFp222wVALIheZJQSEg==",
			"dev": true,
			"requires": {
				"color-convert": "^2.0.1"
			}
		},
		"axios": {
			"version": "0.24.0",
			"resolved": "https://registry.npmjs.org/axios/-/axios-0.24.0.tgz",
			"integrity": "sha512-Q6cWsys88HoPgAaFAVUb0WpPk0O8iTeisR9IMqy9G8AbO4NlpVknrnQS03zzF9PGAWgO3cgletO3VjV/P7VztA==",
			"dev": true,
			"requires": {
				"follow-redirects": "^1.14.4"
			}
		},
		"chalk": {
			"version": "4.1.2",
			"resolved": "https://registry.npmjs.org/chalk/-/chalk-4.1.2.tgz",
			"integrity": "sha512-oKnbhFyRIXpUuez8iBMmyEa4nbj4IOQyuhc/wy9kY7/WVPcwIO9VA668Pu8RkO7+0G76SLROeyw9CpQ061i4mA==",
			"dev": true,
			"requires": {
				"ansi-styles": "^4.1.0",
				"supports-color": "^7.1.0"
			}
		},
		"color-convert": {
			"version": "2.0.1",
			"resolved": "https://registry.npmjs.org/color-convert/-/color-convert-2.0.1.tgz",
			"integrity": "sha512-RRECPsj7iu/xb5oKYcsFHSppFNnsj/52OVTRKb4zP5onXwVF3zVmmToNcOfGC+CRDpfK/U584fMg38ZHCaElKQ==",
			"dev": true,
			"requires": {
				"color-name": "~1.1.4"
			}
		},
		"color-name": {
			"version": "1.1.4",
			"resolved": "https://registry.npmjs.org/color-name/-/color-name-1.1.4.tgz",
			"integrity": "sha512-dOy+3AuW3a2wNbZHIuMZpTcgjGuLU/uBL/ubcZF9OXbDo8ff4O8yVp5Bf0efS8uEoYo5q4Fx7dY9OgQGXgAsQA==",
			"dev": true
		},
		"consola": {
			"version": "2.15.3",
			"resolved": "https://registry.npmjs.org/consola/-/consola-2.15.3.tgz",
			"integrity": "sha512-9vAdYbHj6x2fLKC4+oPH0kFzY/orMZyG2Aj+kNylHxKGJ/Ed4dpNyAQYwJOdqO4zdM7XpVHmyejQDcQHrnuXbw==",
			"dev": true
		},
		"es-content-type": {
			"version": "0.1.0",
			"resolved": "https://registry.npmjs.org/es-content-type/-/es-content-type-0.1.0.tgz",
			"integrity": "sha512-DqWU9pSzhNlO10q+NQ/KebImLkKbwbcy0pSv3hNQfEpKFHsrqDJz2vajpZdq7nkiG9DoJcTh22oHGymp7XJd9g==",
			"dev": true
		},
		"es-escape-html": {
			"version": "0.1.1",
			"resolved": "https://registry.npmjs.org/es-escape-html/-/es-escape-html-0.1.1.tgz",
			"integrity": "sha512-yUx1o+8RsG7UlszmYPtks+dm6Lho2m8lgHMOsLJQsFI0R8XwUJwiMhM1M4E/S8QLeGyf6MkDV/pWgjQ0tdTSyQ==",
			"dev": true
		},
		"es-fresh": {
			"version": "0.0.10",
			"resolved": "https://registry.npmjs.org/es-fresh/-/es-fresh-0.0.10.tgz",
			"integrity": "sha512-/e5etUqtxj7JktALldpsDNC84DOHavN9PqojnTTGeX1M2/Q4/SF8d55d7AsB3n66WYS43hdBbn0sAllto5kSIg==",
			"dev": true
		},
		"es-mime-types": {
			"version": "0.1.4",
			"resolved": "https://registry.npmjs.org/es-mime-types/-/es-mime-types-0.1.4.tgz",
			"integrity": "sha512-rUrmfrUIHU/4ykYB+YH80LDiSpmn6sE/A9E8EsFZP4LCtf/PH+ju6d6goFJ8fsGf81pRtQn1cJSmp8JGA9YkfQ==",
			"dev": true,
			"requires": {
				"mime-db": "^1.50.0"
			}
		},
		"es-vary": {
			"version": "0.1.1",
			"resolved": "https://registry.npmjs.org/es-vary/-/es-vary-0.1.1.tgz",
			"integrity": "sha512-4UOWrTu8lz5otSyWxcS0LbYz8WyYOEiWHGkBIu0VfhTsY+vtc7+fOSDHsxtEUBeu7mDnTwqsKg5NEXeq5Da1Hg==",
			"dev": true
		},
		"fast-safe-stringify": {
			"version": "2.1.1",
			"resolved": "https://registry.npmjs.org/fast-safe-stringify/-/fast-safe-stringify-2.1.1.tgz",
			"integrity": "sha512-W+KJc2dmILlPplD/H4K9l9LcAHAfPtP6BY84uVLXQ6Evcz9Lcg33Y2z1IVblT6xdY54PXYVHEv+0Wpq8Io6zkA==",
			"dev": true
		},
		"follow-redirects": {
			"version": "1.14.6",
			"resolved": "https://registry.npmjs.org/follow-redirects/-/follow-redirects-1.14.6.tgz",
			"integrity": "sha512-fhUl5EwSJbbl8AR+uYL2KQDxLkdSjZGR36xy46AO7cOMTrCMON6Sa28FmAnC2tRTDbd/Uuzz3aJBv7EBN7JH8A==",
			"dev": true
		},
		"has-flag": {
			"version": "4.0.0",
			"resolved": "https://registry.npmjs.org/has-flag/-/has-flag-4.0.0.tgz",
			"integrity": "sha512-EykJT/Q1KjTWctppgIAgfSO0tKVuZUjhgMr17kqTumMl6Afv3EISleU7qZUzoXDFTAHTDC4NOoG/ZxU3EvlMPQ==",
			"dev": true
		},
		"header-range-parser": {
			"version": "1.1.1",
			"resolved": "https://registry.npmjs.org/header-range-parser/-/header-range-parser-1.1.1.tgz",
			"integrity": "sha512-aVuAHdlgxPCMkOtKTdUoH72eAHEAqmZqA+oQxvDv1DkYS50KgCt218AYd89/+Pd7+TFQimzn/9LNVfUPEBbRDQ==",
			"dev": true
		},
		"ipaddr.js": {
			"version": "2.0.1",
			"resolved": "https://registry.npmjs.org/ipaddr.js/-/ipaddr.js-2.0.1.tgz",
			"integrity": "sha512-1qTgH9NG+IIJ4yfKs2e6Pp1bZg8wbDbKHT21HrLIeYBTRLgMYKnMTPAuI3Lcs61nfx5h1xlXnbJtH1kX5/d/ng==",
			"dev": true
		},
		"iterare": {
			"version": "1.2.1",
			"resolved": "https://registry.npmjs.org/iterare/-/iterare-1.2.1.tgz",
			"integrity": "sha512-RKYVTCjAnRthyJes037NX/IiqeidgN1xc3j1RjFfECFp28A1GVwK9nA+i0rJPaHqSZwygLzRnFlzUuHFoWWy+Q==",
			"dev": true
		},
		"mime-db": {
			"version": "1.51.0",
			"resolved": "https://registry.npmjs.org/mime-db/-/mime-db-1.51.0.tgz",
			"integrity": "sha512-5y8A56jg7XVQx2mbv1lu49NR4dokRnhZYTtL+KGfaa27uq4pSTXkwQkFJl4pkRMyNFz/EtYDSkiiEHx3F7UN6g==",
			"dev": true
		},
		"mrmime": {
			"version": "1.0.0",
			"resolved": "https://registry.npmjs.org/mrmime/-/mrmime-1.0.0.tgz",
			"integrity": "sha512-a70zx7zFfVO7XpnQ2IX1Myh9yY4UYvfld/dikWRnsXxbyvMcfz+u6UfgNAtH+k2QqtJuzVpv6eLTx1G2+WKZbQ==",
			"dev": true
		},
		"negotiator": {
			"version": "0.6.2",
			"resolved": "https://registry.npmjs.org/negotiator/-/negotiator-0.6.2.tgz",
			"integrity": "sha512-hZXc7K2e+PgeI1eDBe/10Ard4ekbfrrqG8Ep+8Jmf4JID2bNg7NvCPOZN+kfF574pFQI7mum2AUqDidoKqcTOw==",
			"dev": true
		},
		"node-fetch": {
			"version": "2.6.6",
			"resolved": "https://registry.npmjs.org/node-fetch/-/node-fetch-2.6.6.tgz",
			"integrity": "sha512-Z8/6vRlTUChSdIgMa51jxQ4lrw/Jy5SOW10ObaA47/RElsAN2c5Pn8bTgFGWn/ibwzXTE8qwr1Yzx28vsecXEA==",
			"dev": true,
			"requires": {
				"whatwg-url": "^5.0.0"
			}
		},
		"object-hash": {
			"version": "2.2.0",
			"resolved": "https://registry.npmjs.org/object-hash/-/object-hash-2.2.0.tgz",
			"integrity": "sha512-gScRMn0bS5fH+IuwyIFgnh9zBdo4DV+6GhygmWM9HyNJSgS0hScp1f5vjtm7oIIOiT9trXrShAkLFSc2IqKNgw==",
			"dev": true
		},
		"path-to-regexp": {
			"version": "3.2.0",
			"resolved": "https://registry.npmjs.org/path-to-regexp/-/path-to-regexp-3.2.0.tgz",
			"integrity": "sha512-jczvQbCUS7XmS7o+y1aEO9OBVFeZBQ1MDSEqmO7xSoPgOPoowY/SxLpZ6Vh97/8qHZOteiCKb7gkG9gA2ZUxJA==",
			"dev": true
		},
		"regexparam": {
			"version": "2.0.0",
			"resolved": "https://registry.npmjs.org/regexparam/-/regexparam-2.0.0.tgz",
			"integrity": "sha512-gJKwd2MVPWHAIFLsaYDZfyKzHNS4o7E/v8YmNf44vmeV2e4YfVoDToTOKTvE7ab68cRJ++kLuEXJBaEeJVt5ow==",
			"dev": true
		},
		"sirv": {
			"version": "1.0.19",
			"resolved": "https://registry.npmjs.org/sirv/-/sirv-1.0.19.tgz",
			"integrity": "sha512-JuLThK3TnZG1TAKDwNIqNq6QA2afLOCcm+iE8D1Kj3GA40pSPsxQjjJl0J8X3tsR7T+CP1GavpzLwYkgVLWrZQ==",
			"dev": true,
			"requires": {
				"@polka/url": "^1.0.0-next.20",
				"mrmime": "^1.0.0",
				"totalist": "^1.0.0"
			}
		},
		"supports-color": {
			"version": "7.2.0",
			"resolved": "https://registry.npmjs.org/supports-color/-/supports-color-7.2.0.tgz",
			"integrity": "sha512-qpCAvRl9stuOHveKsn7HncJRvv501qIacKzQlO/+Lwxc9+0q2wLyv4Dfvt80/DPn2pqOBsJdDiogXGR9+OvwRw==",
			"dev": true,
			"requires": {
				"has-flag": "^4.0.0"
			}
		},
		"totalist": {
			"version": "1.1.0",
			"resolved": "https://registry.npmjs.org/totalist/-/totalist-1.1.0.tgz",
			"integrity": "sha512-gduQwd1rOdDMGxFG1gEvhV88Oirdo2p+KjoYFU7k2g+i7n6AFFbDQ5kMPUsW0pNbfQsB/cwXvT1i4Bue0s9g5g==",
			"dev": true
		},
		"tr46": {
			"version": "0.0.3",
			"resolved": "https://registry.npmjs.org/tr46/-/tr46-0.0.3.tgz",
			"integrity": "sha1-gYT9NH2snNwYWZLzpmIuFLnZq2o=",
			"dev": true
		},
		"tslib": {
			"version": "2.3.1",
			"resolved": "https://registry.npmjs.org/tslib/-/tslib-2.3.1.tgz",
			"integrity": "sha512-77EbyPPpMz+FRFRuAFlWMtmgUWGe9UOG2Z25NqCwiIjRhOf5iKGuzSe5P2w1laq+FkRy4p+PCuVkJSGkzTEKVw==",
			"dev": true
		},
		"uuid": {
			"version": "8.3.2",
			"resolved": "https://registry.npmjs.org/uuid/-/uuid-8.3.2.tgz",
			"integrity": "sha512-+NYs2QeMWy+GWFOEm9xnn6HCDp0l7QBD7ml8zLUmJ+93Q5NF0NocErnwkTkXVFNiX3/fpC6afS8Dhb/gz7R7eg==",
			"dev": true
		},
		"webidl-conversions": {
			"version": "3.0.1",
			"resolved": "https://registry.npmjs.org/webidl-conversions/-/webidl-conversions-3.0.1.tgz",
			"integrity": "sha1-JFNCdeKnvGvnvIZhHMFq4KVlSHE=",
			"dev": true
		},
		"whatwg-url": {
			"version": "5.0.0",
			"resolved": "https://registry.npmjs.org/whatwg-url/-/whatwg-url-5.0.0.tgz",
			"integrity": "sha1-lmRU6HZUYuN2RNNib2dCzotwll0=",
			"dev": true,
			"requires": {
				"tr46": "~0.0.3",
				"webidl-conversions": "^3.0.0"
			}
		}
	}
}
